{
  "name": "shinymediapipe",
  "version": "1.0.0",
  "lockfileVersion": 2,
  "requires": true,
  "packages": {
    "": {
      "name": "shinymediapipe",
      "version": "1.0.0",
      "license": "Apache-2.0",
      "dependencies": {
        "@mediapipe/camera_utils": "^0.3.1640029074",
        "@mediapipe/control_utils": "^0.6.1629159505",
        "@mediapipe/drawing_utils": "^0.3.1620248257",
        "@mediapipe/hands": "^0.4.1646424915"
      }
    },
    "node_modules/@mediapipe/camera_utils": {
      "version": "0.3.1640029074",
      "resolved": "https://registry.npmjs.org/@mediapipe/camera_utils/-/camera_utils-0.3.1640029074.tgz",
      "integrity": "sha512-jRV/Mp2lgqNYT68TeVRu/Xq+ptZO9F9vCjxzQsA3VM2r7oXg0TrnfO9De2KKOUTpt0p28dKHs625J8GdWjha8A=="
    },
    "node_modules/@mediapipe/control_utils": {
      "version": "0.6.1629159505",
      "resolved": "https://registry.npmjs.org/@mediapipe/control_utils/-/control_utils-0.6.1629159505.tgz",
      "integrity": "sha512-n8ZfgwZlv3EDiF2bsz81+74qWqbu5JSukxRRVuJqkqxO1CsfQGFj8XI2Cxj0UlsnO1vzNelZiWV1tP3of47z7g=="
    },
    "node_modules/@mediapipe/drawing_utils": {
      "version": "0.3.1620248257",
      "resolved": "https://registry.npmjs.org/@mediapipe/drawing_utils/-/drawing_utils-0.3.1620248257.tgz",
      "integrity": "sha512-s598oo1K6C62mX3rWXJ7n1RJFdXjyQn3f6CeI+lU6kD69MVyBcV3hdmO5LnEZlCw5NRDANtaM8WAOuqZHaldLg=="
    },
    "node_modules/@mediapipe/hands": {
      "version": "0.4.1646424915",
      "resolved": "https://registry.npmjs.org/@mediapipe/hands/-/hands-0.4.1646424915.tgz",
      "integrity": "sha512-R1VM3DRCKTA49nVvkprInYUXx8cKisi86y6/9clvYA0vApmLqTjIHQFibJDHwSdy4Rykn2CjWywQAWw5+mGw8w=="
    }
  },
  "dependencies": {
    "@mediapipe/camera_utils": {
      "version": "0.3.1640029074",
      "resolved": "https://registry.npmjs.org/@mediapipe/camera_utils/-/camera_utils-0.3.1640029074.tgz",
      "integrity": "sha512-jRV/Mp2lgqNYT68TeVRu/Xq+ptZO9F9vCjxzQsA3VM2r7oXg0TrnfO9De2KKOUTpt0p28dKHs625J8GdWjha8A=="
    },
    "@mediapipe/control_utils": {
      "version": "0.6.1629159505",
      "resolved": "https://registry.npmjs.org/@mediapipe/control_utils/-/control_utils-0.6.1629159505.tgz",
      "integrity": "sha512-n8ZfgwZlv3EDiF2bsz81+74qWqbu5JSukxRRVuJqkqxO1CsfQGFj8XI2Cxj0UlsnO1vzNelZiWV1tP3of47z7g=="
    },
    "@mediapipe/drawing_utils": {
      "version": "0.3.1620248257",
      "resolved": "https://registry.npmjs.org/@mediapipe/drawing_utils/-/drawing_utils-0.3.1620248257.tgz",
      "integrity": "sha512-s598oo1K6C62mX3rWXJ7n1RJFdXjyQn3f6CeI+lU6kD69MVyBcV3hdmO5LnEZlCw5NRDANtaM8WAOuqZHaldLg=="
    },
    "@mediapipe/hands": {
      "version": "0.4.1646424915",
      "resolved": "https://registry.npmjs.org/@mediapipe/hands/-/hands-0.4.1646424915.tgz",
      "integrity": "sha512-R1VM3DRCKTA49nVvkprInYUXx8cKisi86y6/9clvYA0vApmLqTjIHQFibJDHwSdy4Rykn2CjWywQAWw5+mGw8w=="
    }
  }
}
